// !$*UTF8*$!
{
	archiveVersion = 1;
	classes = {
	};
	objectVersion = 46;
	objects = {

/* Begin PBXBuildFile section */
		ED025ABF18D94F3E008614BB /* orangeGd1.png in Resources */ = {isa = PBXBuildFile; fileRef = ED025ABE18D94F3E008614BB /* orangeGd1.png */; };
		ED4B6F9E18DCF8B4009D622B /* marker44by44.png in Resources */ = {isa = PBXBuildFile; fileRef = ED4B6F9D18DCF8B4009D622B /* marker44by44.png */; };
		ED4B6FA018DCFAE1009D622B /* deletePhotos.png in Resources */ = {isa = PBXBuildFile; fileRef = ED4B6F9F18DCFAE1009D622B /* deletePhotos.png */; };
		ED53EA6F18EB783100733A4A /* EntryViewController.m in Sources */ = {isa = PBXBuildFile; fileRef = ED53EA6E18EB783100733A4A /* EntryViewController.m */; };
		ED53EA7218EE1F9600733A4A /* EntryViewTableCell.m in Sources */ = {isa = PBXBuildFile; fileRef = ED53EA7118EE1F9600733A4A /* EntryViewTableCell.m */; };
		ED53EA7B18F4A18A00733A4A /* MapHelper.m in Sources */ = {isa = PBXBuildFile; fileRef = ED53EA7A18F4A18A00733A4A /* MapHelper.m */; };
		ED54C22D18E3845B00BD5AF1 /* edit_icon.png in Resources */ = {isa = PBXBuildFile; fileRef = ED54C22C18E3845B00BD5AF1 /* edit_icon.png */; };
		ED57F95F1891DA9300CFF1D5 /* libsqlite3.dylib in Frameworks */ = {isa = PBXBuildFile; fileRef = ED57F95E1891DA9300CFF1D5 /* libsqlite3.dylib */; };
		ED57F96518972BB500CFF1D5 /* TripsTableViewController.m in Sources */ = {isa = PBXBuildFile; fileRef = ED57F96418972BB500CFF1D5 /* TripsTableViewController.m */; };
		ED57F9681897350100CFF1D5 /* TripEntry.m in Sources */ = {isa = PBXBuildFile; fileRef = ED57F9671897350100CFF1D5 /* TripEntry.m */; };
		ED65627818B13D870023CDE2 /* PhotosTripViewController.m in Sources */ = {isa = PBXBuildFile; fileRef = ED65627718B13D870023CDE2 /* PhotosTripViewController.m */; };
		ED696FDE18C2C87300B37508 /* DBHelper.m in Sources */ = {isa = PBXBuildFile; fileRef = ED696FDD18C2C87300B37508 /* DBHelper.m */; };
		ED71E2A9188E729400276ABE /* Foundation.framework in Frameworks */ = {isa = PBXBuildFile; fileRef = ED71E2A8188E729400276ABE /* Foundation.framework */; };
		ED71E2AB188E729400276ABE /* CoreGraphics.framework in Frameworks */ = {isa = PBXBuildFile; fileRef = ED71E2AA188E729400276ABE /* CoreGraphics.framework */; };
		ED71E2AD188E729400276ABE /* UIKit.framework in Frameworks */ = {isa = PBXBuildFile; fileRef = ED71E2AC188E729400276ABE /* UIKit.framework */; };
		ED71E2B5188E729400276ABE /* InfoPlist.strings in Resources */ = {isa = PBXBuildFile; fileRef = ED71E2B3188E729400276ABE /* InfoPlist.strings */; };
		ED71E2B7188E729400276ABE /* main.m in Sources */ = {isa = PBXBuildFile; fileRef = ED71E2B6188E729400276ABE /* main.m */; };
		ED71E2BB188E729400276ABE /* sssAppDelegate.m in Sources */ = {isa = PBXBuildFile; fileRef = ED71E2BA188E729400276ABE /* sssAppDelegate.m */; };
		ED71E2C0188E729400276ABE /* Images.xcassets in Resources */ = {isa = PBXBuildFile; fileRef = ED71E2BF188E729400276ABE /* Images.xcassets */; };
		ED71E2C7188E729400276ABE /* XCTest.framework in Frameworks */ = {isa = PBXBuildFile; fileRef = ED71E2C6188E729400276ABE /* XCTest.framework */; };
		ED71E2C8188E729400276ABE /* Foundation.framework in Frameworks */ = {isa = PBXBuildFile; fileRef = ED71E2A8188E729400276ABE /* Foundation.framework */; };
		ED71E2C9188E729400276ABE /* UIKit.framework in Frameworks */ = {isa = PBXBuildFile; fileRef = ED71E2AC188E729400276ABE /* UIKit.framework */; };
		ED71E2D2188E729400276ABE /* InfoPlist.strings in Resources */ = {isa = PBXBuildFile; fileRef = ED71E2D0188E729400276ABE /* InfoPlist.strings */; };
		ED71E2D4188E729400276ABE /* TripJournalTests.m in Sources */ = {isa = PBXBuildFile; fileRef = ED71E2D3188E729400276ABE /* TripJournalTests.m */; };
		ED71E2DE188E72F000276ABE /* Trip.storyboard in Resources */ = {isa = PBXBuildFile; fileRef = ED71E2DD188E72F000276ABE /* Trip.storyboard */; };
		ED71E2E4188E7A1500276ABE /* camera_icon.jpeg in Resources */ = {isa = PBXBuildFile; fileRef = ED71E2E3188E7A1500276ABE /* camera_icon.jpeg */; };
		ED7EED5518989A1C004C9BDB /* CoreLocation.framework in Frameworks */ = {isa = PBXBuildFile; fileRef = ED7EED5418989A1C004C9BDB /* CoreLocation.framework */; };
		EDA1D1FE18E4C8DE00CF1A26 /* AddressBookUI.framework in Frameworks */ = {isa = PBXBuildFile; fileRef = EDA1D1FD18E4C8DE00CF1A26 /* AddressBookUI.framework */; };
		EDA1D20618E4D66D00CF1A26 /* RememberItLaunch_640by1136.png in Resources */ = {isa = PBXBuildFile; fileRef = EDA1D20518E4D66D00CF1A26 /* RememberItLaunch_640by1136.png */; };
		EDA1D20818E4D70100CF1A26 /* RememberItLaunch_640by960_bg.png in Resources */ = {isa = PBXBuildFile; fileRef = EDA1D20718E4D70100CF1A26 /* RememberItLaunch_640by960_bg.png */; };
		EDD7753618D57E1700255634 /* ShowPhotoViewController.m in Sources */ = {isa = PBXBuildFile; fileRef = EDD7753518D57E1700255634 /* ShowPhotoViewController.m */; };
		EDE6D46618D8F838006FCF4D /* ReadMe.md in Resources */ = {isa = PBXBuildFile; fileRef = EDE6D46518D8F838006FCF4D /* ReadMe.md */; };
		EDF4052D18BB09DA007D18AB /* camera_icon120.jpg in Resources */ = {isa = PBXBuildFile; fileRef = EDF4052C18BB09DA007D18AB /* camera_icon120.jpg */; };
		EDF4053818BC2EE7007D18AB /* MapViewController.m in Sources */ = {isa = PBXBuildFile; fileRef = EDF4053718BC2EE7007D18AB /* MapViewController.m */; };
		EDF4053A18BD2923007D18AB /* MapKit.framework in Frameworks */ = {isa = PBXBuildFile; fileRef = EDF4053918BD2923007D18AB /* MapKit.framework */; };
/* End PBXBuildFile section */

/* Begin PBXContainerItemProxy section */
		ED71E2CB188E729400276ABE /* PBXContainerItemProxy */ = {
			isa = PBXContainerItemProxy;
			containerPortal = ED71E29D188E729400276ABE /* Project object */;
			proxyType = 1;
			remoteGlobalIDString = ED71E2A4188E729400276ABE;
			remoteInfo = TripJournal;
		};
/* End PBXContainerItemProxy section */

/* Begin PBXFileReference section */
		ED025ABE18D94F3E008614BB /* orangeGd1.png */ = {isa = PBXFileReference; lastKnownFileType = image.png; path = orangeGd1.png; sourceTree = "<group>"; };
		ED4B6F9D18DCF8B4009D622B /* marker44by44.png */ = {isa = PBXFileReference; lastKnownFileType = image.png; path = marker44by44.png; sourceTree = "<group>"; };
		ED4B6F9F18DCFAE1009D622B /* deletePhotos.png */ = {isa = PBXFileReference; lastKnownFileType = image.png; path = deletePhotos.png; sourceTree = "<group>"; };
		ED53EA6D18EB783100733A4A /* EntryViewController.h */ = {isa = PBXFileReference; fileEncoding = 4; lastKnownFileType = sourcecode.c.h; path = EntryViewController.h; sourceTree = "<group>"; };
		ED53EA6E18EB783100733A4A /* EntryViewController.m */ = {isa = PBXFileReference; fileEncoding = 4; lastKnownFileType = sourcecode.c.objc; path = EntryViewController.m; sourceTree = "<group>"; };
		ED53EA7018EE1F9600733A4A /* EntryViewTableCell.h */ = {isa = PBXFileReference; fileEncoding = 4; lastKnownFileType = sourcecode.c.h; path = EntryViewTableCell.h; sourceTree = "<group>"; };
		ED53EA7118EE1F9600733A4A /* EntryViewTableCell.m */ = {isa = PBXFileReference; fileEncoding = 4; lastKnownFileType = sourcecode.c.objc; path = EntryViewTableCell.m; sourceTree = "<group>"; };
		ED53EA7918F4A18A00733A4A /* MapHelper.h */ = {isa = PBXFileReference; fileEncoding = 4; lastKnownFileType = sourcecode.c.h; path = MapHelper.h; sourceTree = "<group>"; };
		ED53EA7A18F4A18A00733A4A /* MapHelper.m */ = {isa = PBXFileReference; fileEncoding = 4; lastKnownFileType = sourcecode.c.objc; path = MapHelper.m; sourceTree = "<group>"; };
		ED54C22C18E3845B00BD5AF1 /* edit_icon.png */ = {isa = PBXFileReference; lastKnownFileType = image.png; path = edit_icon.png; sourceTree = "<group>"; };
		ED57F95E1891DA9300CFF1D5 /* libsqlite3.dylib */ = {isa = PBXFileReference; lastKnownFileType = "compiled.mach-o.dylib"; name = libsqlite3.dylib; path = usr/lib/libsqlite3.dylib; sourceTree = SDKROOT; };
		ED57F96318972BB500CFF1D5 /* TripsTableViewController.h */ = {isa = PBXFileReference; fileEncoding = 4; lastKnownFileType = sourcecode.c.h; path = TripsTableViewController.h; sourceTree = "<group>"; };
		ED57F96418972BB500CFF1D5 /* TripsTableViewController.m */ = {isa = PBXFileReference; fileEncoding = 4; lastKnownFileType = sourcecode.c.objc; path = TripsTableViewController.m; sourceTree = "<group>"; };
		ED57F9661897350100CFF1D5 /* TripEntry.h */ = {isa = PBXFileReference; fileEncoding = 4; lastKnownFileType = sourcecode.c.h; path = TripEntry.h; sourceTree = "<group>"; };
		ED57F9671897350100CFF1D5 /* TripEntry.m */ = {isa = PBXFileReference; fileEncoding = 4; lastKnownFileType = sourcecode.c.objc; path = TripEntry.m; sourceTree = "<group>"; };
		ED65627618B13D870023CDE2 /* PhotosTripViewController.h */ = {isa = PBXFileReference; fileEncoding = 4; lastKnownFileType = sourcecode.c.h; path = PhotosTripViewController.h; sourceTree = "<group>"; };
		ED65627718B13D870023CDE2 /* PhotosTripViewController.m */ = {isa = PBXFileReference; fileEncoding = 4; lastKnownFileType = sourcecode.c.objc; path = PhotosTripViewController.m; sourceTree = "<group>"; };
		ED696FDC18C2C87300B37508 /* DBHelper.h */ = {isa = PBXFileReference; fileEncoding = 4; lastKnownFileType = sourcecode.c.h; path = DBHelper.h; sourceTree = "<group>"; };
		ED696FDD18C2C87300B37508 /* DBHelper.m */ = {isa = PBXFileReference; fileEncoding = 4; lastKnownFileType = sourcecode.c.objc; path = DBHelper.m; sourceTree = "<group>"; };
		ED71E2A5188E729400276ABE /* RememberIt.app */ = {isa = PBXFileReference; explicitFileType = wrapper.application; includeInIndex = 0; path = RememberIt.app; sourceTree = BUILT_PRODUCTS_DIR; };
		ED71E2A8188E729400276ABE /* Foundation.framework */ = {isa = PBXFileReference; lastKnownFileType = wrapper.framework; name = Foundation.framework; path = System/Library/Frameworks/Foundation.framework; sourceTree = SDKROOT; };
		ED71E2AA188E729400276ABE /* CoreGraphics.framework */ = {isa = PBXFileReference; lastKnownFileType = wrapper.framework; name = CoreGraphics.framework; path = System/Library/Frameworks/CoreGraphics.framework; sourceTree = SDKROOT; };
		ED71E2AC188E729400276ABE /* UIKit.framework */ = {isa = PBXFileReference; lastKnownFileType = wrapper.framework; name = UIKit.framework; path = System/Library/Frameworks/UIKit.framework; sourceTree = SDKROOT; };
		ED71E2B2188E729400276ABE /* RememberIt-Info.plist */ = {isa = PBXFileReference; lastKnownFileType = text.plist.xml; path = "RememberIt-Info.plist"; sourceTree = "<group>"; };
		ED71E2B4188E729400276ABE /* en */ = {isa = PBXFileReference; lastKnownFileType = text.plist.strings; name = en; path = en.lproj/InfoPlist.strings; sourceTree = "<group>"; };
		ED71E2B6188E729400276ABE /* main.m */ = {isa = PBXFileReference; lastKnownFileType = sourcecode.c.objc; path = main.m; sourceTree = "<group>"; };
		ED71E2B8188E729400276ABE /* RememberIt-Prefix.pch */ = {isa = PBXFileReference; lastKnownFileType = sourcecode.c.h; path = "RememberIt-Prefix.pch"; sourceTree = "<group>"; };
		ED71E2B9188E729400276ABE /* sssAppDelegate.h */ = {isa = PBXFileReference; lastKnownFileType = sourcecode.c.h; path = sssAppDelegate.h; sourceTree = "<group>"; };
		ED71E2BA188E729400276ABE /* sssAppDelegate.m */ = {isa = PBXFileReference; lastKnownFileType = sourcecode.c.objc; path = sssAppDelegate.m; sourceTree = "<group>"; };
		ED71E2BF188E729400276ABE /* Images.xcassets */ = {isa = PBXFileReference; lastKnownFileType = folder.assetcatalog; path = Images.xcassets; sourceTree = "<group>"; };
		ED71E2C5188E729400276ABE /* RememberItTests.xctest */ = {isa = PBXFileReference; explicitFileType = wrapper.cfbundle; includeInIndex = 0; path = RememberItTests.xctest; sourceTree = BUILT_PRODUCTS_DIR; };
		ED71E2C6188E729400276ABE /* XCTest.framework */ = {isa = PBXFileReference; lastKnownFileType = wrapper.framework; name = XCTest.framework; path = Library/Frameworks/XCTest.framework; sourceTree = DEVELOPER_DIR; };
		ED71E2CF188E729400276ABE /* RememberItTests-Info.plist */ = {isa = PBXFileReference; lastKnownFileType = text.plist.xml; path = "RememberItTests-Info.plist"; sourceTree = "<group>"; };
		ED71E2D1188E729400276ABE /* en */ = {isa = PBXFileReference; lastKnownFileType = text.plist.strings; name = en; path = en.lproj/InfoPlist.strings; sourceTree = "<group>"; };
		ED71E2D3188E729400276ABE /* TripJournalTests.m */ = {isa = PBXFileReference; lastKnownFileType = sourcecode.c.objc; path = TripJournalTests.m; sourceTree = "<group>"; };
		ED71E2DD188E72F000276ABE /* Trip.storyboard */ = {isa = PBXFileReference; fileEncoding = 4; lastKnownFileType = file.storyboard; name = Trip.storyboard; path = ../Trip.storyboard; sourceTree = "<group>"; };
		ED71E2E3188E7A1500276ABE /* camera_icon.jpeg */ = {isa = PBXFileReference; lastKnownFileType = image.jpeg; path = camera_icon.jpeg; sourceTree = "<group>"; };
		ED7EED5418989A1C004C9BDB /* CoreLocation.framework */ = {isa = PBXFileReference; lastKnownFileType = wrapper.framework; name = CoreLocation.framework; path = System/Library/Frameworks/CoreLocation.framework; sourceTree = SDKROOT; };
		EDA1D1FD18E4C8DE00CF1A26 /* AddressBookUI.framework */ = {isa = PBXFileReference; lastKnownFileType = wrapper.framework; name = AddressBookUI.framework; path = System/Library/Frameworks/AddressBookUI.framework; sourceTree = SDKROOT; };
		EDA1D20518E4D66D00CF1A26 /* RememberItLaunch_640by1136.png */ = {isa = PBXFileReference; lastKnownFileType = image.png; path = RememberItLaunch_640by1136.png; sourceTree = "<group>"; };
		EDA1D20718E4D70100CF1A26 /* RememberItLaunch_640by960_bg.png */ = {isa = PBXFileReference; lastKnownFileType = image.png; path = RememberItLaunch_640by960_bg.png; sourceTree = "<group>"; };
		EDD7753418D57E1700255634 /* ShowPhotoViewController.h */ = {isa = PBXFileReference; fileEncoding = 4; lastKnownFileType = sourcecode.c.h; path = ShowPhotoViewController.h; sourceTree = "<group>"; };
		EDD7753518D57E1700255634 /* ShowPhotoViewController.m */ = {isa = PBXFileReference; fileEncoding = 4; lastKnownFileType = sourcecode.c.objc; path = ShowPhotoViewController.m; sourceTree = "<group>"; };
		EDE6D46518D8F838006FCF4D /* ReadMe.md */ = {isa = PBXFileReference; fileEncoding = 4; lastKnownFileType = text; path = ReadMe.md; sourceTree = "<group>"; };
		EDF4052C18BB09DA007D18AB /* camera_icon120.jpg */ = {isa = PBXFileReference; lastKnownFileType = image.jpeg; path = camera_icon120.jpg; sourceTree = "<group>"; };
		EDF4053618BC2EE7007D18AB /* MapViewController.h */ = {isa = PBXFileReference; fileEncoding = 4; lastKnownFileType = sourcecode.c.h; path = MapViewController.h; sourceTree = "<group>"; };
		EDF4053718BC2EE7007D18AB /* MapViewController.m */ = {isa = PBXFileReference; fileEncoding = 4; lastKnownFileType = sourcecode.c.objc; path = MapViewController.m; sourceTree = "<group>"; };
		EDF4053918BD2923007D18AB /* MapKit.framework */ = {isa = PBXFileReference; lastKnownFileType = wrapper.framework; name = MapKit.framework; path = System/Library/Frameworks/MapKit.framework; sourceTree = SDKROOT; };
/* End PBXFileReference section */

/* Begin PBXFrameworksBuildPhase section */
		ED71E2A2188E729400276ABE /* Frameworks */ = {
			isa = PBXFrameworksBuildPhase;
			buildActionMask = 2147483647;
			files = (
				EDA1D1FE18E4C8DE00CF1A26 /* AddressBookUI.framework in Frameworks */,
				EDF4053A18BD2923007D18AB /* MapKit.framework in Frameworks */,
				ED57F95F1891DA9300CFF1D5 /* libsqlite3.dylib in Frameworks */,
				ED7EED5518989A1C004C9BDB /* CoreLocation.framework in Frameworks */,
				ED71E2AB188E729400276ABE /* CoreGraphics.framework in Frameworks */,
				ED71E2AD188E729400276ABE /* UIKit.framework in Frameworks */,
				ED71E2A9188E729400276ABE /* Foundation.framework in Frameworks */,
			);
			runOnlyForDeploymentPostprocessing = 0;
		};
		ED71E2C2188E729400276ABE /* Frameworks */ = {
			isa = PBXFrameworksBuildPhase;
			buildActionMask = 2147483647;
			files = (
				ED71E2C7188E729400276ABE /* XCTest.framework in Frameworks */,
				ED71E2C9188E729400276ABE /* UIKit.framework in Frameworks */,
				ED71E2C8188E729400276ABE /* Foundation.framework in Frameworks */,
			);
			runOnlyForDeploymentPostprocessing = 0;
		};
/* End PBXFrameworksBuildPhase section */

/* Begin PBXGroup section */
		ED6718E718B2B6D0008D7AC5 /* images */ = {
			isa = PBXGroup;
			children = (
				EDA1D20718E4D70100CF1A26 /* RememberItLaunch_640by960_bg.png */,
				EDA1D20518E4D66D00CF1A26 /* RememberItLaunch_640by1136.png */,
				ED54C22C18E3845B00BD5AF1 /* edit_icon.png */,
				ED4B6F9F18DCFAE1009D622B /* deletePhotos.png */,
				ED4B6F9D18DCF8B4009D622B /* marker44by44.png */,
				ED025ABE18D94F3E008614BB /* orangeGd1.png */,
				EDF4052C18BB09DA007D18AB /* camera_icon120.jpg */,
				ED71E2E3188E7A1500276ABE /* camera_icon.jpeg */,
			);
			name = images;
			sourceTree = "<group>";
		};
		ED71E29C188E729400276ABE = {
			isa = PBXGroup;
			children = (
				EDE6D46518D8F838006FCF4D /* ReadMe.md */,
				ED71E2B0188E729400276ABE /* RememberIt */,
				ED71E2CD188E729400276ABE /* TripJournalTests */,
				ED71E2A7188E729400276ABE /* Frameworks */,
				ED71E2A6188E729400276ABE /* Products */,
			);
			sourceTree = "<group>";
		};
		ED71E2A6188E729400276ABE /* Products */ = {
			isa = PBXGroup;
			children = (
				ED71E2A5188E729400276ABE /* RememberIt.app */,
				ED71E2C5188E729400276ABE /* RememberItTests.xctest */,
			);
			name = Products;
			sourceTree = "<group>";
		};
		ED71E2A7188E729400276ABE /* Frameworks */ = {
			isa = PBXGroup;
			children = (
				EDA1D1FD18E4C8DE00CF1A26 /* AddressBookUI.framework */,
				EDF4053918BD2923007D18AB /* MapKit.framework */,
				ED57F95E1891DA9300CFF1D5 /* libsqlite3.dylib */,
				ED7EED5418989A1C004C9BDB /* CoreLocation.framework */,
				ED71E2A8188E729400276ABE /* Foundation.framework */,
				ED71E2AA188E729400276ABE /* CoreGraphics.framework */,
				ED71E2AC188E729400276ABE /* UIKit.framework */,
				ED71E2C6188E729400276ABE /* XCTest.framework */,
			);
			name = Frameworks;
			sourceTree = "<group>";
		};
		ED71E2B0188E729400276ABE /* RememberIt */ = {
			isa = PBXGroup;
			children = (
				ED71E2DD188E72F000276ABE /* Trip.storyboard */,
				ED53EA7018EE1F9600733A4A /* EntryViewTableCell.h */,
				ED53EA7118EE1F9600733A4A /* EntryViewTableCell.m */,
				ED53EA6D18EB783100733A4A /* EntryViewController.h */,
				ED53EA6E18EB783100733A4A /* EntryViewController.m */,
				EDF4053618BC2EE7007D18AB /* MapViewController.h */,
				EDF4053718BC2EE7007D18AB /* MapViewController.m */,
				ED65627618B13D870023CDE2 /* PhotosTripViewController.h */,
				ED65627718B13D870023CDE2 /* PhotosTripViewController.m */,
				ED57F96318972BB500CFF1D5 /* TripsTableViewController.h */,
				ED57F96418972BB500CFF1D5 /* TripsTableViewController.m */,
				ED71E2B9188E729400276ABE /* sssAppDelegate.h */,
				ED71E2BA188E729400276ABE /* sssAppDelegate.m */,
				ED71E2BF188E729400276ABE /* Images.xcassets */,
				ED71E2B1188E729400276ABE /* Supporting Files */,
				ED53EA7918F4A18A00733A4A /* MapHelper.h */,
				ED53EA7A18F4A18A00733A4A /* MapHelper.m */,
				ED57F9661897350100CFF1D5 /* TripEntry.h */,
				ED57F9671897350100CFF1D5 /* TripEntry.m */,
				ED696FDC18C2C87300B37508 /* DBHelper.h */,
				ED696FDD18C2C87300B37508 /* DBHelper.m */,
				EDD7753418D57E1700255634 /* ShowPhotoViewController.h */,
				EDD7753518D57E1700255634 /* ShowPhotoViewController.m */,
			);
			name = RememberIt;
			path = TripJournal;
			sourceTree = "<group>";
		};
		ED71E2B1188E729400276ABE /* Supporting Files */ = {
			isa = PBXGroup;
			children = (
				ED6718E718B2B6D0008D7AC5 /* images */,
				ED71E2B2188E729400276ABE /* RememberIt-Info.plist */,
				ED71E2B3188E729400276ABE /* InfoPlist.strings */,
				ED71E2B6188E729400276ABE /* main.m */,
				ED71E2B8188E729400276ABE /* RememberIt-Prefix.pch */,
			);
			name = "Supporting Files";
			sourceTree = "<group>";
		};
		ED71E2CD188E729400276ABE /* TripJournalTests */ = {
			isa = PBXGroup;
			children = (
				ED71E2D3188E729400276ABE /* TripJournalTests.m */,
				ED71E2CE188E729400276ABE /* Supporting Files */,
			);
			path = TripJournalTests;
			sourceTree = "<group>";
		};
		ED71E2CE188E729400276ABE /* Supporting Files */ = {
			isa = PBXGroup;
			children = (
				ED71E2CF188E729400276ABE /* RememberItTests-Info.plist */,
				ED71E2D0188E729400276ABE /* InfoPlist.strings */,
			);
			name = "Supporting Files";
			sourceTree = "<group>";
		};
/* End PBXGroup section */

/* Begin PBXNativeTarget section */
		ED71E2A4188E729400276ABE /* RememberIt */ = {
			isa = PBXNativeTarget;
			buildConfigurationList = ED71E2D7188E729400276ABE /* Build configuration list for PBXNativeTarget "RememberIt" */;
			buildPhases = (
				ED71E2A1188E729400276ABE /* Sources */,
				ED71E2A2188E729400276ABE /* Frameworks */,
				ED71E2A3188E729400276ABE /* Resources */,
			);
			buildRules = (
			);
			dependencies = (
			);
			name = RememberIt;
			productName = TripJournal;
			productReference = ED71E2A5188E729400276ABE /* RememberIt.app */;
			productType = "com.apple.product-type.application";
		};
		ED71E2C4188E729400276ABE /* RememberItTests */ = {
			isa = PBXNativeTarget;
			buildConfigurationList = ED71E2DA188E729400276ABE /* Build configuration list for PBXNativeTarget "RememberItTests" */;
			buildPhases = (
				ED71E2C1188E729400276ABE /* Sources */,
				ED71E2C2188E729400276ABE /* Frameworks */,
				ED71E2C3188E729400276ABE /* Resources */,
			);
			buildRules = (
			);
			dependencies = (
				ED71E2CC188E729400276ABE /* PBXTargetDependency */,
			);
			name = RememberItTests;
			productName = TripJournalTests;
			productReference = ED71E2C5188E729400276ABE /* RememberItTests.xctest */;
			productType = "com.apple.product-type.bundle.unit-test";
		};
/* End PBXNativeTarget section */

/* Begin PBXProject section */
		ED71E29D188E729400276ABE /* Project object */ = {
			isa = PBXProject;
			attributes = {
				CLASSPREFIX = sss;
				LastUpgradeCheck = 0510;
				ORGANIZATIONNAME = "Sora Sung";
				TargetAttributes = {
					ED71E2C4188E729400276ABE = {
						TestTargetID = ED71E2A4188E729400276ABE;
					};
				};
			};
			buildConfigurationList = ED71E2A0188E729400276ABE /* Build configuration list for PBXProject "RememberIt" */;
			compatibilityVersion = "Xcode 3.2";
			developmentRegion = English;
			hasScannedForEncodings = 0;
			knownRegions = (
				en,
			);
			mainGroup = ED71E29C188E729400276ABE;
			productRefGroup = ED71E2A6188E729400276ABE /* Products */;
			projectDirPath = "";
			projectRoot = "";
			targets = (
				ED71E2A4188E729400276ABE /* RememberIt */,
				ED71E2C4188E729400276ABE /* RememberItTests */,
			);
		};
/* End PBXProject section */

/* Begin PBXResourcesBuildPhase section */
		ED71E2A3188E729400276ABE /* Resources */ = {
			isa = PBXResourcesBuildPhase;
			buildActionMask = 2147483647;
			files = (
				EDF4052D18BB09DA007D18AB /* camera_icon120.jpg in Resources */,
				ED71E2DE188E72F000276ABE /* Trip.storyboard in Resources */,
				ED025ABF18D94F3E008614BB /* orangeGd1.png in Resources */,
				EDA1D20618E4D66D00CF1A26 /* RememberItLaunch_640by1136.png in Resources */,
				ED71E2E4188E7A1500276ABE /* camera_icon.jpeg in Resources */,
				ED4B6F9E18DCF8B4009D622B /* marker44by44.png in Resources */,
				ED54C22D18E3845B00BD5AF1 /* edit_icon.png in Resources */,
				ED4B6FA018DCFAE1009D622B /* deletePhotos.png in Resources */,
				ED71E2B5188E729400276ABE /* InfoPlist.strings in Resources */,
				ED71E2C0188E729400276ABE /* Images.xcassets in Resources */,
				EDA1D20818E4D70100CF1A26 /* RememberItLaunch_640by960_bg.png in Resources */,
				EDE6D46618D8F838006FCF4D /* ReadMe.md in Resources */,
			);
			runOnlyForDeploymentPostprocessing = 0;
		};
		ED71E2C3188E729400276ABE /* Resources */ = {
			isa = PBXResourcesBuildPhase;
			buildActionMask = 2147483647;
			files = (
				ED71E2D2188E729400276ABE /* InfoPlist.strings in Resources */,
			);
			runOnlyForDeploymentPostprocessing = 0;
		};
/* End PBXResourcesBuildPhase section */

/* Begin PBXSourcesBuildPhase section */
		ED71E2A1188E729400276ABE /* Sources */ = {
			isa = PBXSourcesBuildPhase;
			buildActionMask = 2147483647;
			files = (
				ED53EA7218EE1F9600733A4A /* EntryViewTableCell.m in Sources */,
				ED71E2BB188E729400276ABE /* sssAppDelegate.m in Sources */,
				EDD7753618D57E1700255634 /* ShowPhotoViewController.m in Sources */,
				EDF4053818BC2EE7007D18AB /* MapViewController.m in Sources */,
				ED57F9681897350100CFF1D5 /* TripEntry.m in Sources */,
				ED65627818B13D870023CDE2 /* PhotosTripViewController.m in Sources */,
				ED57F96518972BB500CFF1D5 /* TripsTableViewController.m in Sources */,
				ED53EA7B18F4A18A00733A4A /* MapHelper.m in Sources */,
				ED53EA6F18EB783100733A4A /* EntryViewController.m in Sources */,
				ED71E2B7188E729400276ABE /* main.m in Sources */,
				ED696FDE18C2C87300B37508 /* DBHelper.m in Sources */,
			);
			runOnlyForDeploymentPostprocessing = 0;
		};
		ED71E2C1188E729400276ABE /* Sources */ = {
			isa = PBXSourcesBuildPhase;
			buildActionMask = 2147483647;
			files = (
				ED71E2D4188E729400276ABE /* TripJournalTests.m in Sources */,
			);
			runOnlyForDeploymentPostprocessing = 0;
		};
/* End PBXSourcesBuildPhase section */

/* Begin PBXTargetDependency section */
		ED71E2CC188E729400276ABE /* PBXTargetDependency */ = {
			isa = PBXTargetDependency;
			target = ED71E2A4188E729400276ABE /* RememberIt */;
			targetProxy = ED71E2CB188E729400276ABE /* PBXContainerItemProxy */;
		};
/* End PBXTargetDependency section */

/* Begin PBXVariantGroup section */
		ED71E2B3188E729400276ABE /* InfoPlist.strings */ = {
			isa = PBXVariantGroup;
			children = (
				ED71E2B4188E729400276ABE /* en */,
			);
			name = InfoPlist.strings;
			sourceTree = "<group>";
		};
		ED71E2D0188E729400276ABE /* InfoPlist.strings */ = {
			isa = PBXVariantGroup;
			children = (
				ED71E2D1188E729400276ABE /* en */,
			);
			name = InfoPlist.strings;
			sourceTree = "<group>";
		};
/* End PBXVariantGroup section */

/* Begin XCBuildConfiguration section */
		ED71E2D5188E729400276ABE /* Debug */ = {
			isa = XCBuildConfiguration;
			buildSettings = {
				ALWAYS_SEARCH_USER_PATHS = NO;
				CLANG_CXX_LANGUAGE_STANDARD = "gnu++0x";
				CLANG_CXX_LIBRARY = "libc++";
				CLANG_ENABLE_MODULES = YES;
				CLANG_ENABLE_OBJC_ARC = YES;
				CLANG_WARN_BOOL_CONVERSION = YES;
				CLANG_WARN_CONSTANT_CONVERSION = YES;
				CLANG_WARN_DIRECT_OBJC_ISA_USAGE = YES_ERROR;
				CLANG_WARN_EMPTY_BODY = YES;
				CLANG_WARN_ENUM_CONVERSION = YES;
				CLANG_WARN_INT_CONVERSION = YES;
				CLANG_WARN_OBJC_ROOT_CLASS = YES_ERROR;
				CLANG_WARN__DUPLICATE_METHOD_MATCH = YES;
				"CODE_SIGN_IDENTITY[sdk=iphoneos*]" = "iPhone Developer";
				COPY_PHASE_STRIP = NO;
				GCC_C_LANGUAGE_STANDARD = gnu99;
				GCC_DYNAMIC_NO_PIC = NO;
				GCC_OPTIMIZATION_LEVEL = 0;
				GCC_PREPROCESSOR_DEFINITIONS = (
					"DEBUG=1",
					"$(inherited)",
				);
				GCC_SYMBOLS_PRIVATE_EXTERN = NO;
				GCC_WARN_64_TO_32_BIT_CONVERSION = YES;
				GCC_WARN_ABOUT_RETURN_TYPE = YES_ERROR;
				GCC_WARN_UNDECLARED_SELECTOR = YES;
				GCC_WARN_UNINITIALIZED_AUTOS = YES;
				GCC_WARN_UNUSED_FUNCTION = YES;
				GCC_WARN_UNUSED_VARIABLE = YES;
				IPHONEOS_DEPLOYMENT_TARGET = 7.0;
				ONLY_ACTIVE_ARCH = YES;
				SDKROOT = iphoneos;
			};
			name = Debug;
		};
		ED71E2D6188E729400276ABE /* Release */ = {
			isa = XCBuildConfiguration;
			buildSettings = {
				ALWAYS_SEARCH_USER_PATHS = NO;
				CLANG_CXX_LANGUAGE_STANDARD = "gnu++0x";
				CLANG_CXX_LIBRARY = "libc++";
				CLANG_ENABLE_MODULES = YES;
				CLANG_ENABLE_OBJC_ARC = YES;
				CLANG_WARN_BOOL_CONVERSION = YES;
				CLANG_WARN_CONSTANT_CONVERSION = YES;
				CLANG_WARN_DIRECT_OBJC_ISA_USAGE = YES_ERROR;
				CLANG_WARN_EMPTY_BODY = YES;
				CLANG_WARN_ENUM_CONVERSION = YES;
				CLANG_WARN_INT_CONVERSION = YES;
				CLANG_WARN_OBJC_ROOT_CLASS = YES_ERROR;
				CLANG_WARN__DUPLICATE_METHOD_MATCH = YES;
				"CODE_SIGN_IDENTITY[sdk=iphoneos*]" = "iPhone Developer";
				COPY_PHASE_STRIP = YES;
				ENABLE_NS_ASSERTIONS = NO;
				GCC_C_LANGUAGE_STANDARD = gnu99;
				GCC_WARN_64_TO_32_BIT_CONVERSION = YES;
				GCC_WARN_ABOUT_RETURN_TYPE = YES_ERROR;
				GCC_WARN_UNDECLARED_SELECTOR = YES;
				GCC_WARN_UNINITIALIZED_AUTOS = YES;
				GCC_WARN_UNUSED_FUNCTION = YES;
				GCC_WARN_UNUSED_VARIABLE = YES;
				IPHONEOS_DEPLOYMENT_TARGET = 7.0;
				SDKROOT = iphoneos;
				VALIDATE_PRODUCT = YES;
			};
			name = Release;
		};
		ED71E2D8188E729400276ABE /* Debug */ = {
			isa = XCBuildConfiguration;
			buildSettings = {
				ASSETCATALOG_COMPILER_APPICON_NAME = AppIcon;
				ASSETCATALOG_COMPILER_LAUNCHIMAGE_NAME = LaunchImage;
				CODE_SIGN_IDENTITY = "iPhone Developer";
				GCC_PRECOMPILE_PREFIX_HEADER = YES;
				GCC_PREFIX_HEADER = "TripJournal/RememberIt-Prefix.pch";
				INFOPLIST_FILE = "TripJournal/RememberIt-Info.plist";
				PRODUCT_NAME = RememberIt;
				PROVISIONING_PROFILE = "";
				WRAPPER_EXTENSION = app;
			};
			name = Debug;
		};
		ED71E2D9188E729400276ABE /* Release */ = {
			isa = XCBuildConfiguration;
			buildSettings = {
				ASSETCATALOG_COMPILER_APPICON_NAME = AppIcon;
				ASSETCATALOG_COMPILER_LAUNCHIMAGE_NAME = LaunchImage;
				GCC_PRECOMPILE_PREFIX_HEADER = YES;
				GCC_PREFIX_HEADER = "TripJournal/RememberIt-Prefix.pch";
				INFOPLIST_FILE = "TripJournal/RememberIt-Info.plist";
				PRODUCT_NAME = RememberIt;
				WRAPPER_EXTENSION = app;
			};
			name = Release;
		};
		ED71E2DB188E729400276ABE /* Debug */ = {
			isa = XCBuildConfiguration;
			buildSettings = {
				BUNDLE_LOADER = "$(BUILT_PRODUCTS_DIR)/TripJournal.app/TripJournal";
				FRAMEWORK_SEARCH_PATHS = (
					"$(SDKROOT)/Developer/Library/Frameworks",
					"$(inherited)",
					"$(DEVELOPER_FRAMEWORKS_DIR)",
				);
				GCC_PRECOMPILE_PREFIX_HEADER = YES;
				GCC_PREFIX_HEADER = "TripJournal/TripJournal-Prefix.pch";
				GCC_PREPROCESSOR_DEFINITIONS = (
					"DEBUG=1",
					"$(inherited)",
				);
				INFOPLIST_FILE = "TripJournalTests/RememberItTests-Info.plist";
				PRODUCT_NAME = RememberItTests;
				TEST_HOST = "$(BUNDLE_LOADER)";
				WRAPPER_EXTENSION = xctest;
			};
			name = Debug;
		};
		ED71E2DC188E729400276ABE /* Release */ = {
			isa = XCBuildConfiguration;
			buildSettings = {
				BUNDLE_LOADER = "$(BUILT_PRODUCTS_DIR)/TripJournal.app/TripJournal";
				FRAMEWORK_SEARCH_PATHS = (
					"$(SDKROOT)/Developer/Library/Frameworks",
					"$(inherited)",
					"$(DEVELOPER_FRAMEWORKS_DIR)",
				);
				GCC_PRECOMPILE_PREFIX_HEADER = YES;
				GCC_PREFIX_HEADER = "TripJournal/TripJournal-Prefix.pch";
				INFOPLIST_FILE = "TripJournalTests/RememberItTests-Info.plist";
				PRODUCT_NAME = RememberItTests;
				TEST_HOST = "$(BUNDLE_LOADER)";
				WRAPPER_EXTENSION = xctest;
			};
			name = Release;
		};
/* End XCBuildConfiguration section */

/* Begin XCConfigurationList section */
		ED71E2A0188E729400276ABE /* Build configuration list for PBXProject "RememberIt" */ = {
			isa = XCConfigurationList;
			buildConfigurations = (
				ED71E2D5188E729400276ABE /* Debug */,
				ED71E2D6188E729400276ABE /* Release */,
			);
			defaultConfigurationIsVisible = 0;
			defaultConfigurationName = Release;
		};
		ED71E2D7188E729400276ABE /* Build configuration list for PBXNativeTarget "RememberIt" */ = {
			isa = XCConfigurationList;
			buildConfigurations = (
				ED71E2D8188E729400276ABE /* Debug */,
				ED71E2D9188E729400276ABE /* Release */,
			);
			defaultConfigurationIsVisible = 0;
			defaultConfigurationName = Release;
		};
		ED71E2DA188E729400276ABE /* Build configuration list for PBXNativeTarget "RememberItTests" */ = {
			isa = XCConfigurationList;
			buildConfigurations = (
				ED71E2DB188E729400276ABE /* Debug */,
				ED71E2DC188E729400276ABE /* Release */,
			);
			defaultConfigurationIsVisible = 0;
			defaultConfigurationName = Release;
		};
/* End XCConfigurationList section */
	};
	rootObject = ED71E29D188E729400276ABE /* Project object */;
}
